
Microsoft Visual Studio Solution File, Format Version 12.00
# Visual Studio Version 17
VisualStudioVersion = 17.2.32616.157
MinimumVisualStudioVersion = 10.0.40219.1
Project("{FAE04EC0-301F-11D3-BF4B-00C04F79EFBC}") = "Cálculo IMC 2", "Cálculo IMC 2\Cálculo IMC 2.csproj", "{B3881FC3-AF2A-4894-9717-CAA45BBBB651}"
EndProject
Global
	GlobalSection(SolutionConfigurationPlatforms) = preSolution
		Debug|Any CPU = Debug|Any CPU
		Release|Any CPU = Release|Any CPU
	EndGlobalSection
	GlobalSection(ProjectConfigurationPlatforms) = postSolution
		{B3881FC3-AF2A-4894-9717-CAA45BBBB651}.Debug|Any CPU.ActiveCfg = Debug|Any CPU
		{B3881FC3-AF2A-4894-9717-CAA45BBBB651}.Debug|Any CPU.Build.0 = Debug|Any CPU
		{B3881FC3-AF2A-4894-9717-CAA45BBBB651}.Release|Any CPU.ActiveCfg = Release|Any CPU
		{B3881FC3-AF2A-4894-9717-CAA45BBBB651}.Release|Any CPU.Build.0 = Release|Any CPU
	EndGlobalSection
	GlobalSection(SolutionProperties) = preSolution
		HideSolutionNode = FALSE
	EndGlobalSection
	GlobalSection(ExtensibilityGlobals) = postSolution
		SolutionGuid = {61706832-5273-49C8-BF1E-B579F62BEDB2}
	EndGlobalSection
EndGlobal
